// !$*UTF8*$!
{
	archiveVersion = 1;
	classes = {
	};
	objectVersion = 55;
	objects = {

/* Begin PBXBuildFile section */
		9CCF1505292105EF00F6EA32 /* AppDelegate.swift in Sources */ = {isa = PBXBuildFile; fileRef = 9CCF1504292105EF00F6EA32 /* AppDelegate.swift */; };
		9CCF1507292105EF00F6EA32 /* SceneDelegate.swift in Sources */ = {isa = PBXBuildFile; fileRef = 9CCF1506292105EF00F6EA32 /* SceneDelegate.swift */; };
		9CCF1509292105EF00F6EA32 /* MainViewController.swift in Sources */ = {isa = PBXBuildFile; fileRef = 9CCF1508292105EF00F6EA32 /* MainViewController.swift */; };
		9CCF150F292105EF00F6EA32 /* CoreData_Names.xcdatamodeld in Sources */ = {isa = PBXBuildFile; fileRef = 9CCF150D292105EF00F6EA32 /* CoreData_Names.xcdatamodeld */; };
		9CCF1511292105F000F6EA32 /* Assets.xcassets in Resources */ = {isa = PBXBuildFile; fileRef = 9CCF1510292105F000F6EA32 /* Assets.xcassets */; };
		9CCF1523292106F200F6EA32 /* SnapKit in Frameworks */ = {isa = PBXBuildFile; productRef = 9CCF1522292106F200F6EA32 /* SnapKit */; };
		9CCF1527292107C600F6EA32 /* Person+CoreDataClass.swift in Sources */ = {isa = PBXBuildFile; fileRef = 9CCF1525292107C600F6EA32 /* Person+CoreDataClass.swift */; };
		9CCF1528292107C600F6EA32 /* Person+CoreDataProperties.swift in Sources */ = {isa = PBXBuildFile; fileRef = 9CCF1526292107C600F6EA32 /* Person+CoreDataProperties.swift */; };
		9CCF152B292108A500F6EA32 /* UITextField + Ext.swift in Sources */ = {isa = PBXBuildFile; fileRef = 9CCF152A292108A500F6EA32 /* UITextField + Ext.swift */; };
		9CCF152E29210A2400F6EA32 /* ModuleBuilder.swift in Sources */ = {isa = PBXBuildFile; fileRef = 9CCF152D29210A2400F6EA32 /* ModuleBuilder.swift */; };
		9CCF153029210A2900F6EA32 /* Router.swift in Sources */ = {isa = PBXBuildFile; fileRef = 9CCF152F29210A2900F6EA32 /* Router.swift */; };
		9CCF153229210A4800F6EA32 /* MainPresenter.swift in Sources */ = {isa = PBXBuildFile; fileRef = 9CCF153129210A4800F6EA32 /* MainPresenter.swift */; };
		9CCF153529210B6C00F6EA32 /* CoreDataService.swift in Sources */ = {isa = PBXBuildFile; fileRef = 9CCF153429210B6C00F6EA32 /* CoreDataService.swift */; };
/* End PBXBuildFile section */

/* Begin PBXFileReference section */
		9CCF1501292105EF00F6EA32 /* CoreData-Names.app */ = {isa = PBXFileReference; explicitFileType = wrapper.application; includeInIndex = 0; path = "CoreData-Names.app"; sourceTree = BUILT_PRODUCTS_DIR; };
		9CCF1504292105EF00F6EA32 /* AppDelegate.swift */ = {isa = PBXFileReference; lastKnownFileType = sourcecode.swift; path = AppDelegate.swift; sourceTree = "<group>"; };
		9CCF1506292105EF00F6EA32 /* SceneDelegate.swift */ = {isa = PBXFileReference; lastKnownFileType = sourcecode.swift; path = SceneDelegate.swift; sourceTree = "<group>"; };
		9CCF1508292105EF00F6EA32 /* MainViewController.swift */ = {isa = PBXFileReference; lastKnownFileType = sourcecode.swift; path = MainViewController.swift; sourceTree = "<group>"; };
		9CCF150E292105EF00F6EA32 /* CoreData_Names.xcdatamodel */ = {isa = PBXFileReference; lastKnownFileType = wrapper.xcdatamodel; path = CoreData_Names.xcdatamodel; sourceTree = "<group>"; };
		9CCF1510292105F000F6EA32 /* Assets.xcassets */ = {isa = PBXFileReference; lastKnownFileType = folder.assetcatalog; path = Assets.xcassets; sourceTree = "<group>"; };
		9CCF1515292105F000F6EA32 /* Info.plist */ = {isa = PBXFileReference; lastKnownFileType = text.plist.xml; path = Info.plist; sourceTree = "<group>"; };
		9CCF1525292107C600F6EA32 /* Person+CoreDataClass.swift */ = {isa = PBXFileReference; lastKnownFileType = sourcecode.swift; path = "Person+CoreDataClass.swift"; sourceTree = "<group>"; };
		9CCF1526292107C600F6EA32 /* Person+CoreDataProperties.swift */ = {isa = PBXFileReference; lastKnownFileType = sourcecode.swift; path = "Person+CoreDataProperties.swift"; sourceTree = "<group>"; };
		9CCF152A292108A500F6EA32 /* UITextField + Ext.swift */ = {isa = PBXFileReference; lastKnownFileType = sourcecode.swift; path = "UITextField + Ext.swift"; sourceTree = "<group>"; };
		9CCF152D29210A2400F6EA32 /* ModuleBuilder.swift */ = {isa = PBXFileReference; lastKnownFileType = sourcecode.swift; path = ModuleBuilder.swift; sourceTree = "<group>"; };
		9CCF152F29210A2900F6EA32 /* Router.swift */ = {isa = PBXFileReference; lastKnownFileType = sourcecode.swift; path = Router.swift; sourceTree = "<group>"; };
		9CCF153129210A4800F6EA32 /* MainPresenter.swift */ = {isa = PBXFileReference; lastKnownFileType = sourcecode.swift; path = MainPresenter.swift; sourceTree = "<group>"; };
		9CCF153429210B6C00F6EA32 /* CoreDataService.swift */ = {isa = PBXFileReference; lastKnownFileType = sourcecode.swift; path = CoreDataService.swift; sourceTree = "<group>"; };
/* End PBXFileReference section */

/* Begin PBXFrameworksBuildPhase section */
		9CCF14FE292105EF00F6EA32 /* Frameworks */ = {
			isa = PBXFrameworksBuildPhase;
			buildActionMask = 2147483647;
			files = (
				9CCF1523292106F200F6EA32 /* SnapKit in Frameworks */,
			);
			runOnlyForDeploymentPostprocessing = 0;
		};
/* End PBXFrameworksBuildPhase section */

/* Begin PBXGroup section */
		9CCF14F8292105EF00F6EA32 = {
			isa = PBXGroup;
			children = (
				9CCF1503292105EF00F6EA32 /* CoreData-Names */,
				9CCF1502292105EF00F6EA32 /* Products */,
			);
			sourceTree = "<group>";
		};
		9CCF1502292105EF00F6EA32 /* Products */ = {
			isa = PBXGroup;
			children = (
				9CCF1501292105EF00F6EA32 /* CoreData-Names.app */,
			);
			name = Products;
			sourceTree = "<group>";
		};
		9CCF1503292105EF00F6EA32 /* CoreData-Names */ = {
			isa = PBXGroup;
			children = (
				9CCF151C2921069500F6EA32 /* Sources */,
				9CCF151B2921068600F6EA32 /* Resources */,
			);
			path = "CoreData-Names";
			sourceTree = "<group>";
		};
		9CCF151B2921068600F6EA32 /* Resources */ = {
			isa = PBXGroup;
			children = (
				9CCF1510292105F000F6EA32 /* Assets.xcassets */,
				9CCF1515292105F000F6EA32 /* Info.plist */,
			);
			path = Resources;
			sourceTree = "<group>";
		};
		9CCF151C2921069500F6EA32 /* Sources */ = {
			isa = PBXGroup;
			children = (
				9CCF153329210B5E00F6EA32 /* Services */,
				9CCF152C29210A1900F6EA32 /* Helpers */,
				9CCF15292921089400F6EA32 /* Extensions */,
				9CCF15242921077400F6EA32 /* Model */,
				9CCF151E292106CA00F6EA32 /* Modules */,
				9CCF151D292106BE00F6EA32 /* App */,
			);
			path = Sources;
			sourceTree = "<group>";
		};
		9CCF151D292106BE00F6EA32 /* App */ = {
			isa = PBXGroup;
			children = (
				9CCF1506292105EF00F6EA32 /* SceneDelegate.swift */,
				9CCF1504292105EF00F6EA32 /* AppDelegate.swift */,
			);
			path = App;
			sourceTree = "<group>";
		};
		9CCF151E292106CA00F6EA32 /* Modules */ = {
			isa = PBXGroup;
			children = (
				9CCF1520292106D100F6EA32 /* Detailed */,
				9CCF151F292106CE00F6EA32 /* Main */,
			);
			path = Modules;
			sourceTree = "<group>";
		};
		9CCF151F292106CE00F6EA32 /* Main */ = {
			isa = PBXGroup;
			children = (
				9CCF1508292105EF00F6EA32 /* MainViewController.swift */,
				9CCF153129210A4800F6EA32 /* MainPresenter.swift */,
			);
			path = Main;
			sourceTree = "<group>";
		};
		9CCF1520292106D100F6EA32 /* Detailed */ = {
			isa = PBXGroup;
			children = (
			);
			path = Detailed;
			sourceTree = "<group>";
		};
		9CCF15242921077400F6EA32 /* Model */ = {
			isa = PBXGroup;
			children = (
				9CCF150D292105EF00F6EA32 /* CoreData_Names.xcdatamodeld */,
				9CCF1525292107C600F6EA32 /* Person+CoreDataClass.swift */,
				9CCF1526292107C600F6EA32 /* Person+CoreDataProperties.swift */,
			);
			path = Model;
			sourceTree = "<group>";
		};
		9CCF15292921089400F6EA32 /* Extensions */ = {
			isa = PBXGroup;
			children = (
				9CCF152A292108A500F6EA32 /* UITextField + Ext.swift */,
			);
			path = Extensions;
			sourceTree = "<group>";
		};
		9CCF152C29210A1900F6EA32 /* Helpers */ = {
			isa = PBXGroup;
			children = (
				9CCF152D29210A2400F6EA32 /* ModuleBuilder.swift */,
				9CCF152F29210A2900F6EA32 /* Router.swift */,
			);
			path = Helpers;
			sourceTree = "<group>";
		};
		9CCF153329210B5E00F6EA32 /* Services */ = {
			isa = PBXGroup;
			children = (
				9CCF153429210B6C00F6EA32 /* CoreDataService.swift */,
			);
			path = Services;
			sourceTree = "<group>";
		};
/* End PBXGroup section */

/* Begin PBXNativeTarget section */
		9CCF1500292105EF00F6EA32 /* CoreData-Names */ = {
			isa = PBXNativeTarget;
			buildConfigurationList = 9CCF1518292105F000F6EA32 /* Build configuration list for PBXNativeTarget "CoreData-Names" */;
			buildPhases = (
				9CCF14FD292105EF00F6EA32 /* Sources */,
				9CCF14FE292105EF00F6EA32 /* Frameworks */,
				9CCF14FF292105EF00F6EA32 /* Resources */,
			);
			buildRules = (
			);
			dependencies = (
			);
			name = "CoreData-Names";
			packageProductDependencies = (
				9CCF1522292106F200F6EA32 /* SnapKit */,
			);
			productName = "CoreData-Names";
			productReference = 9CCF1501292105EF00F6EA32 /* CoreData-Names.app */;
			productType = "com.apple.product-type.application";
		};
/* End PBXNativeTarget section */

/* Begin PBXProject section */
		9CCF14F9292105EF00F6EA32 /* Project object */ = {
			isa = PBXProject;
			attributes = {
				BuildIndependentTargetsInParallel = 1;
				LastSwiftUpdateCheck = 1330;
				LastUpgradeCheck = 1330;
				TargetAttributes = {
					9CCF1500292105EF00F6EA32 = {
						CreatedOnToolsVersion = 13.3.1;
					};
				};
			};
			buildConfigurationList = 9CCF14FC292105EF00F6EA32 /* Build configuration list for PBXProject "CoreData-Names" */;
			compatibilityVersion = "Xcode 13.0";
			developmentRegion = en;
			hasScannedForEncodings = 0;
			knownRegions = (
				en,
				Base,
			);
			mainGroup = 9CCF14F8292105EF00F6EA32;
			packageReferences = (
				9CCF1521292106F200F6EA32 /* XCRemoteSwiftPackageReference "SnapKit" */,
			);
			productRefGroup = 9CCF1502292105EF00F6EA32 /* Products */;
			projectDirPath = "";
			projectRoot = "";
			targets = (
				9CCF1500292105EF00F6EA32 /* CoreData-Names */,
			);
		};
/* End PBXProject section */

/* Begin PBXResourcesBuildPhase section */
		9CCF14FF292105EF00F6EA32 /* Resources */ = {
			isa = PBXResourcesBuildPhase;
			buildActionMask = 2147483647;
			files = (
				9CCF1511292105F000F6EA32 /* Assets.xcassets in Resources */,
			);
			runOnlyForDeploymentPostprocessing = 0;
		};
/* End PBXResourcesBuildPhase section */

/* Begin PBXSourcesBuildPhase section */
		9CCF14FD292105EF00F6EA32 /* Sources */ = {
			isa = PBXSourcesBuildPhase;
			buildActionMask = 2147483647;
			files = (
				9CCF1509292105EF00F6EA32 /* MainViewController.swift in Sources */,
				9CCF150F292105EF00F6EA32 /* CoreData_Names.xcdatamodeld in Sources */,
				9CCF1528292107C600F6EA32 /* Person+CoreDataProperties.swift in Sources */,
				9CCF152E29210A2400F6EA32 /* ModuleBuilder.swift in Sources */,
				9CCF153029210A2900F6EA32 /* Router.swift in Sources */,
				9CCF153229210A4800F6EA32 /* MainPresenter.swift in Sources */,
				9CCF1527292107C600F6EA32 /* Person+CoreDataClass.swift in Sources */,
				9CCF152B292108A500F6EA32 /* UITextField + Ext.swift in Sources */,
				9CCF153529210B6C00F6EA32 /* CoreDataService.swift in Sources */,
				9CCF1505292105EF00F6EA32 /* AppDelegate.swift in Sources */,
				9CCF1507292105EF00F6EA32 /* SceneDelegate.swift in Sources */,
			);
			runOnlyForDeploymentPostprocessing = 0;
		};
/* End PBXSourcesBuildPhase section */

/* Begin XCBuildConfiguration section */
		9CCF1516292105F000F6EA32 /* Debug */ = {
			isa = XCBuildConfiguration;
			buildSettings = {
				ALWAYS_SEARCH_USER_PATHS = NO;
				CLANG_ANALYZER_NONNULL = YES;
				CLANG_ANALYZER_NUMBER_OBJECT_CONVERSION = YES_AGGRESSIVE;
				CLANG_CXX_LANGUAGE_STANDARD = "gnu++17";
				CLANG_ENABLE_MODULES = YES;
				CLANG_ENABLE_OBJC_ARC = YES;
				CLANG_ENABLE_OBJC_WEAK = YES;
				CLANG_WARN_BLOCK_CAPTURE_AUTORELEASING = YES;
				CLANG_WARN_BOOL_CONVERSION = YES;
				CLANG_WARN_COMMA = YES;
				CLANG_WARN_CONSTANT_CONVERSION = YES;
				CLANG_WARN_DEPRECATED_OBJC_IMPLEMENTATIONS = YES;
				CLANG_WARN_DIRECT_OBJC_ISA_USAGE = YES_ERROR;
				CLANG_WARN_DOCUMENTATION_COMMENTS = YES;
				CLANG_WARN_EMPTY_BODY = YES;
				CLANG_WARN_ENUM_CONVERSION = YES;
				CLANG_WARN_INFINITE_RECURSION = YES;
				CLANG_WARN_INT_CONVERSION = YES;
				CLANG_WARN_NON_LITERAL_NULL_CONVERSION = YES;
				CLANG_WARN_OBJC_IMPLICIT_RETAIN_SELF = YES;
				CLANG_WARN_OBJC_LITERAL_CONVERSION = YES;
				CLANG_WARN_OBJC_ROOT_CLASS = YES_ERROR;
				CLANG_WARN_QUOTED_INCLUDE_IN_FRAMEWORK_HEADER = YES;
				CLANG_WARN_RANGE_LOOP_ANALYSIS = YES;
				CLANG_WARN_STRICT_PROTOTYPES = YES;
				CLANG_WARN_SUSPICIOUS_MOVE = YES;
				CLANG_WARN_UNGUARDED_AVAILABILITY = YES_AGGRESSIVE;
				CLANG_WARN_UNREACHABLE_CODE = YES;
				CLANG_WARN__DUPLICATE_METHOD_MATCH = YES;
				COPY_PHASE_STRIP = NO;
				DEBUG_INFORMATION_FORMAT = dwarf;
				ENABLE_STRICT_OBJC_MSGSEND = YES;
				ENABLE_TESTABILITY = YES;
				GCC_C_LANGUAGE_STANDARD = gnu11;
				GCC_DYNAMIC_NO_PIC = NO;
				GCC_NO_COMMON_BLOCKS = YES;
				GCC_OPTIMIZATION_LEVEL = 0;
				GCC_PREPROCESSOR_DEFINITIONS = (
					"DEBUG=1",
					"$(inherited)",
				);
				GCC_WARN_64_TO_32_BIT_CONVERSION = YES;
				GCC_WARN_ABOUT_RETURN_TYPE = YES_ERROR;
				GCC_WARN_UNDECLARED_SELECTOR = YES;
				GCC_WARN_UNINITIALIZED_AUTOS = YES_AGGRESSIVE;
				GCC_WARN_UNUSED_FUNCTION = YES;
				GCC_WARN_UNUSED_VARIABLE = YES;
				IPHONEOS_DEPLOYMENT_TARGET = 15.4;
				MTL_ENABLE_DEBUG_INFO = INCLUDE_SOURCE;
				MTL_FAST_MATH = YES;
				ONLY_ACTIVE_ARCH = YES;
				SDKROOT = iphoneos;
				SWIFT_ACTIVE_COMPILATION_CONDITIONS = DEBUG;
				SWIFT_OPTIMIZATION_LEVEL = "-Onone";
			};
			name = Debug;
		};
		9CCF1517292105F000F6EA32 /* Release */ = {
			isa = XCBuildConfiguration;
			buildSettings = {
				ALWAYS_SEARCH_USER_PATHS = NO;
				CLANG_ANALYZER_NONNULL = YES;
				CLANG_ANALYZER_NUMBER_OBJECT_CONVERSION = YES_AGGRESSIVE;
				CLANG_CXX_LANGUAGE_STANDARD = "gnu++17";
				CLANG_ENABLE_MODULES = YES;
				CLANG_ENABLE_OBJC_ARC = YES;
				CLANG_ENABLE_OBJC_WEAK = YES;
				CLANG_WARN_BLOCK_CAPTURE_AUTORELEASING = YES;
				CLANG_WARN_BOOL_CONVERSION = YES;
				CLANG_WARN_COMMA = YES;
				CLANG_WARN_CONSTANT_CONVERSION = YES;
				CLANG_WARN_DEPRECATED_OBJC_IMPLEMENTATIONS = YES;
				CLANG_WARN_DIRECT_OBJC_ISA_USAGE = YES_ERROR;
				CLANG_WARN_DOCUMENTATION_COMMENTS = YES;
				CLANG_WARN_EMPTY_BODY = YES;
				CLANG_WARN_ENUM_CONVERSION = YES;
				CLANG_WARN_INFINITE_RECURSION = YES;
				CLANG_WARN_INT_CONVERSION = YES;
				CLANG_WARN_NON_LITERAL_NULL_CONVERSION = YES;
				CLANG_WARN_OBJC_IMPLICIT_RETAIN_SELF = YES;
				CLANG_WARN_OBJC_LITERAL_CONVERSION = YES;
				CLANG_WARN_OBJC_ROOT_CLASS = YES_ERROR;
				CLANG_WARN_QUOTED_INCLUDE_IN_FRAMEWORK_HEADER = YES;
				CLANG_WARN_RANGE_LOOP_ANALYSIS = YES;
				CLANG_WARN_STRICT_PROTOTYPES = YES;
				CLANG_WARN_SUSPICIOUS_MOVE = YES;
				CLANG_WARN_UNGUARDED_AVAILABILITY = YES_AGGRESSIVE;
				CLANG_WARN_UNREACHABLE_CODE = YES;
				CLANG_WARN__DUPLICATE_METHOD_MATCH = YES;
				COPY_PHASE_STRIP = NO;
				DEBUG_INFORMATION_FORMAT = "dwarf-with-dsym";
				ENABLE_NS_ASSERTIONS = NO;
				ENABLE_STRICT_OBJC_MSGSEND = YES;
				GCC_C_LANGUAGE_STANDARD = gnu11;
				GCC_NO_COMMON_BLOCKS = YES;
				GCC_WARN_64_TO_32_BIT_CONVERSION = YES;
				GCC_WARN_ABOUT_RETURN_TYPE = YES_ERROR;
				GCC_WARN_UNDECLARED_SELECTOR = YES;
				GCC_WARN_UNINITIALIZED_AUTOS = YES_AGGRESSIVE;
				GCC_WARN_UNUSED_FUNCTION = YES;
				GCC_WARN_UNUSED_VARIABLE = YES;
				IPHONEOS_DEPLOYMENT_TARGET = 15.4;
				MTL_ENABLE_DEBUG_INFO = NO;
				MTL_FAST_MATH = YES;
				SDKROOT = iphoneos;
				SWIFT_COMPILATION_MODE = wholemodule;
				SWIFT_OPTIMIZATION_LEVEL = "-O";
				VALIDATE_PRODUCT = YES;
			};
			name = Release;
		};
		9CCF1519292105F000F6EA32 /* Debug */ = {
			isa = XCBuildConfiguration;
			buildSettings = {
				ASSETCATALOG_COMPILER_APPICON_NAME = AppIcon;
				ASSETCATALOG_COMPILER_GLOBAL_ACCENT_COLOR_NAME = AccentColor;
				CODE_SIGN_STYLE = Automatic;
				CURRENT_PROJECT_VERSION = 1;
				DEVELOPMENT_TEAM = SWG4FB8T87;
				GENERATE_INFOPLIST_FILE = YES;
				INFOPLIST_FILE = "CoreData-Names/Resources/Info.plist";
				INFOPLIST_KEY_UIApplicationSupportsIndirectInputEvents = YES;
				INFOPLIST_KEY_UILaunchStoryboardName = LaunchScreen;
				INFOPLIST_KEY_UISupportedInterfaceOrientations_iPad = "UIInterfaceOrientationPortrait UIInterfaceOrientationPortraitUpsideDown UIInterfaceOrientationLandscapeLeft UIInterfaceOrientationLandscapeRight";
				INFOPLIST_KEY_UISupportedInterfaceOrientations_iPhone = "UIInterfaceOrientationPortrait UIInterfaceOrientationLandscapeLeft UIInterfaceOrientationLandscapeRight";
				LD_RUNPATH_SEARCH_PATHS = (
					"$(inherited)",
					"@executable_path/Frameworks",
				);
				MARKETING_VERSION = 1.0;
				PRODUCT_BUNDLE_IDENTIFIER = "Artem-Golikov.CoreData-Names";
				PRODUCT_NAME = "$(TARGET_NAME)";
				SWIFT_EMIT_LOC_STRINGS = YES;
				SWIFT_VERSION = 5.0;
				TARGETED_DEVICE_FAMILY = "1,2";
			};
			name = Debug;
		};
		9CCF151A292105F000F6EA32 /* Release */ = {
			isa = XCBuildConfiguration;
			buildSettings = {
				ASSETCATALOG_COMPILER_APPICON_NAME = AppIcon;
				ASSETCATALOG_COMPILER_GLOBAL_ACCENT_COLOR_NAME = AccentColor;
				CODE_SIGN_STYLE = Automatic;
				CURRENT_PROJECT_VERSION = 1;
				DEVELOPMENT_TEAM = SWG4FB8T87;
				GENERATE_INFOPLIST_FILE = YES;
				INFOPLIST_FILE = "CoreData-Names/Resources/Info.plist";
				INFOPLIST_KEY_UIApplicationSupportsIndirectInputEvents = YES;
				INFOPLIST_KEY_UILaunchStoryboardName = LaunchScreen;
				INFOPLIST_KEY_UISupportedInterfaceOrientations_iPad = "UIInterfaceOrientationPortrait UIInterfaceOrientationPortraitUpsideDown UIInterfaceOrientationLandscapeLeft UIInterfaceOrientationLandscapeRight";
				INFOPLIST_KEY_UISupportedInterfaceOrientations_iPhone = "UIInterfaceOrientationPortrait UIInterfaceOrientationLandscapeLeft UIInterfaceOrientationLandscapeRight";
				LD_RUNPATH_SEARCH_PATHS = (
					"$(inherited)",
					"@executable_path/Frameworks",
				);
				MARKETING_VERSION = 1.0;
				PRODUCT_BUNDLE_IDENTIFIER = "Artem-Golikov.CoreData-Names";
				PRODUCT_NAME = "$(TARGET_NAME)";
				SWIFT_EMIT_LOC_STRINGS = YES;
				SWIFT_VERSION = 5.0;
				TARGETED_DEVICE_FAMILY = "1,2";
			};
			name = Release;
		};
/* End XCBuildConfiguration section */

/* Begin XCConfigurationList section */
		9CCF14FC292105EF00F6EA32 /* Build configuration list for PBXProject "CoreData-Names" */ = {
			isa = XCConfigurationList;
			buildConfigurations = (
				9CCF1516292105F000F6EA32 /* Debug */,
				9CCF1517292105F000F6EA32 /* Release */,
			);
			defaultConfigurationIsVisible = 0;
			defaultConfigurationName = Release;
		};
		9CCF1518292105F000F6EA32 /* Build configuration list for PBXNativeTarget "CoreData-Names" */ = {
			isa = XCConfigurationList;
			buildConfigurations = (
				9CCF1519292105F000F6EA32 /* Debug */,
				9CCF151A292105F000F6EA32 /* Release */,
			);
			defaultConfigurationIsVisible = 0;
			defaultConfigurationName = Release;
		};
/* End XCConfigurationList section */

/* Begin XCRemoteSwiftPackageReference section */
		9CCF1521292106F200F6EA32 /* XCRemoteSwiftPackageReference "SnapKit" */ = {
			isa = XCRemoteSwiftPackageReference;
			repositoryURL = "https://github.com/SnapKit/SnapKit.git";
			requirement = {
				branch = develop;
				kind = branch;
			};
		};
/* End XCRemoteSwiftPackageReference section */

/* Begin XCSwiftPackageProductDependency section */
		9CCF1522292106F200F6EA32 /* SnapKit */ = {
			isa = XCSwiftPackageProductDependency;
			package = 9CCF1521292106F200F6EA32 /* XCRemoteSwiftPackageReference "SnapKit" */;
			productName = SnapKit;
		};
/* End XCSwiftPackageProductDependency section */

/* Begin XCVersionGroup section */
		9CCF150D292105EF00F6EA32 /* CoreData_Names.xcdatamodeld */ = {
			isa = XCVersionGroup;
			children = (
				9CCF150E292105EF00F6EA32 /* CoreData_Names.xcdatamodel */,
			);
			currentVersion = 9CCF150E292105EF00F6EA32 /* CoreData_Names.xcdatamodel */;
			path = CoreData_Names.xcdatamodeld;
			sourceTree = "<group>";
			versionGroupType = wrapper.xcdatamodel;
		};
/* End XCVersionGroup section */
	};
	rootObject = 9CCF14F9292105EF00F6EA32 /* Project object */;
}
